
Microsoft Visual Studio Solution File, Format Version 12.00
# Visual Studio Version 17
VisualStudioVersion = 17.8.34601.278
MinimumVisualStudioVersion = 10.0.40219.1
Project("{FAE04EC0-301F-11D3-BF4B-00C04F79EFBC}") = "GuessTheNumber", "GuessTheNumber\GuessTheNumber.csproj", "{4A5ED83A-A1C8-419D-8EAA-A4D8B6924A26}"
EndProject
Global
	GlobalSection(SolutionConfigurationPlatforms) = preSolution
		Debug|Any CPU = Debug|Any CPU
		Release|Any CPU = Release|Any CPU
	EndGlobalSection
	GlobalSection(ProjectConfigurationPlatforms) = postSolution
		{4A5ED83A-A1C8-419D-8EAA-A4D8B6924A26}.Debug|Any CPU.ActiveCfg = Debug|Any CPU
		{4A5ED83A-A1C8-419D-8EAA-A4D8B6924A26}.Debug|Any CPU.Build.0 = Debug|Any CPU
		{4A5ED83A-A1C8-419D-8EAA-A4D8B6924A26}.Release|Any CPU.ActiveCfg = Release|Any CPU
		{4A5ED83A-A1C8-419D-8EAA-A4D8B6924A26}.Release|Any CPU.Build.0 = Release|Any CPU
	EndGlobalSection
	GlobalSection(SolutionProperties) = preSolution
		HideSolutionNode = FALSE
	EndGlobalSection
	GlobalSection(ExtensibilityGlobals) = postSolution
		SolutionGuid = {0AFDF77E-C572-4A8F-9C9F-80450E1FD0E8}
	EndGlobalSection
EndGlobal
